
Microsoft Visual Studio Solution File, Format Version 12.00
# Visual Studio 14
VisualStudioVersion = 14.0.25029.0
MinimumVisualStudioVersion = 10.0.40219.1
Project("{FAE04EC0-301F-11D3-BF4B-00C04F79EFBC}") = "Arbor.Castanea", "Arbor.Castanea\Arbor.Castanea.csproj", "{EBD3EE29-2DA6-46EB-A4CC-F6639C16B1A2}"
EndProject
Project("{FAE04EC0-301F-11D3-BF4B-00C04F79EFBC}") = "Arbor.Castanea.App", "Arbor.Castanea.App\Arbor.Castanea.App.csproj", "{DF2FD1C0-DA97-4968-A7DC-AB4305DC9E55}"
EndProject
Project("{FAE04EC0-301F-11D3-BF4B-00C04F79EFBC}") = "Arbor.Castanea.Tests.Integration", "Arbor.Castanea.Tests.Integration\Arbor.Castanea.Tests.Integration.csproj", "{326253EF-91B5-4702-9284-CB0896CB0C06}"
EndProject
Project("{2150E333-8FDC-42A3-9474-1A3956D46DE8}") = "Solution Items", "Solution Items", "{E67C5437-9BD5-47E1-AB35-FC3A41D8C2BB}"
	ProjectSection(SolutionItems) = preProject
		..\.gitattributes = ..\.gitattributes
		..\.gitignore = ..\.gitignore
		..\build\build.bat = ..\build\build.bat
		..\License.txt = ..\License.txt
		..\README.md = ..\README.md
	EndProjectSection
EndProject
Global
	GlobalSection(SolutionConfigurationPlatforms) = preSolution
		Debug|Any CPU = Debug|Any CPU
		Release|Any CPU = Release|Any CPU
	EndGlobalSection
	GlobalSection(ProjectConfigurationPlatforms) = postSolution
		{EBD3EE29-2DA6-46EB-A4CC-F6639C16B1A2}.Debug|Any CPU.ActiveCfg = Debug|Any CPU
		{EBD3EE29-2DA6-46EB-A4CC-F6639C16B1A2}.Debug|Any CPU.Build.0 = Debug|Any CPU
		{EBD3EE29-2DA6-46EB-A4CC-F6639C16B1A2}.Release|Any CPU.ActiveCfg = Release|Any CPU
		{EBD3EE29-2DA6-46EB-A4CC-F6639C16B1A2}.Release|Any CPU.Build.0 = Release|Any CPU
		{DF2FD1C0-DA97-4968-A7DC-AB4305DC9E55}.Debug|Any CPU.ActiveCfg = Debug|Any CPU
		{DF2FD1C0-DA97-4968-A7DC-AB4305DC9E55}.Debug|Any CPU.Build.0 = Debug|Any CPU
		{DF2FD1C0-DA97-4968-A7DC-AB4305DC9E55}.Release|Any CPU.ActiveCfg = Release|Any CPU
		{DF2FD1C0-DA97-4968-A7DC-AB4305DC9E55}.Release|Any CPU.Build.0 = Release|Any CPU
		{326253EF-91B5-4702-9284-CB0896CB0C06}.Debug|Any CPU.ActiveCfg = Debug|Any CPU
		{326253EF-91B5-4702-9284-CB0896CB0C06}.Debug|Any CPU.Build.0 = Debug|Any CPU
		{326253EF-91B5-4702-9284-CB0896CB0C06}.Release|Any CPU.ActiveCfg = Release|Any CPU
		{326253EF-91B5-4702-9284-CB0896CB0C06}.Release|Any CPU.Build.0 = Release|Any CPU
	EndGlobalSection
	GlobalSection(SolutionProperties) = preSolution
		HideSolutionNode = FALSE
	EndGlobalSection
EndGlobal
